// !$*UTF8*$!
{
	archiveVersion = 1;
	classes = {
	};
	objectVersion = 77;
	objects = {

/* Begin PBXContainerItemProxy section */
		5AD3C4202F5E0AEA00E30B51 /* PBXContainerItemProxy */ = {
			isa = PBXContainerItemProxy;
			containerPortal = 5AD3C4012F5E0AE900E30B51 /* Project object */;
			proxyType = 1;
			remoteGlobalIDString = 5AD3C4082F5E0AEA00E30B51;
			remoteInfo = petpal;
		};
		5AD3C42A2F5E0AEB00E30B51 /* PBXContainerItemProxy */ = {
			isa = PBXContainerItemProxy;
			containerPortal = 5AD3C4012F5E0AE900E30B51 /* Project object */;
			proxyType = 1;
			remoteGlobalIDString = 5AD3C4082F5E0AEA00E30B51;
			remoteInfo = petpal;
		};
/* End PBXContainerItemProxy section */

/* Begin PBXFileReference section */
		5AD3C4092F5E0AEA00E30B51 /* petpal.app */ = {isa = PBXFileReference; explicitFileType = wrapper.application; includeInIndex = 0; path = petpal.app; sourceTree = BUILT_PRODUCTS_DIR; };
		5AD3C41F2F5E0AEA00E30B51 /* petpalTests.xctest */ = {isa = PBXFileReference; explicitFileType = wrapper.cfbundle; includeInIndex = 0; path = petpalTests.xctest; sourceTree = BUILT_PRODUCTS_DIR; };
		5AD3C4292F5E0AEB00E30B51 /* petpalUITests.xctest */ = {isa = PBXFileReference; explicitFileType = wrapper.cfbundle; includeInIndex = 0; path = petpalUITests.xctest; sourceTree = BUILT_PRODUCTS_DIR; };
/* End PBXFileReference section */

/* Begin PBXFileSystemSynchronizedBuildFileExceptionSet section */
		5AD3C4312F5E0AEB00E30B51 /* Exceptions for "petpal" folder in "petpal" target */ = {
			isa = PBXFileSystemSynchronizedBuildFileExceptionSet;
			membershipExceptions = (
				Info.plist,
			);
			target = 5AD3C4082F5E0AEA00E30B51 /* petpal */;
		};
/* End PBXFileSystemSynchronizedBuildFileExceptionSet section */

/* Begin PBXFileSystemSynchronizedRootGroup section */
		5AD3C40B2F5E0AEA00E30B51 /* petpal */ = {
			isa = PBXFileSystemSynchronizedRootGroup;
			exceptions = (
				5AD3C4312F5E0AEB00E30B51 /* Exceptions for "petpal" folder in "petpal" target */,
			);
			path = petpal;
			sourceTree = "<group>";
		};
		5AD3C4222F5E0AEA00E30B51 /* petpalTests */ = {
			isa = PBXFileSystemSynchronizedRootGroup;
			path = petpalTests;
			sourceTree = "<group>";
		};
		5AD3C42C2F5E0AEB00E30B51 /* petpalUITests */ = {
			isa = PBXFileSystemSynchronizedRootGroup;
			path = petpalUITests;
			sourceTree = "<group>";
		};
/* End PBXFileSystemSynchronizedRootGroup section */

/* Begin PBXFrameworksBuildPhase section */
		5AD3C4062F5E0AEA00E30B51 /* Frameworks */ = {
			isa = PBXFrameworksBuildPhase;
			buildActionMask = 2147483647;
			files = (
			);
			runOnlyForDeploymentPostprocessing = 0;
		};
		5AD3C41C2F5E0AEA00E30B51 /* Frameworks */ = {
			isa = PBXFrameworksBuildPhase;
			buildActionMask = 2147483647;
			files = (
			);
			runOnlyForDeploymentPostprocessing = 0;
		};
		5AD3C4262F5E0AEB00E30B51 /* Frameworks */ = {
			isa = PBXFrameworksBuildPhase;
			buildActionMask = 2147483647;
			files = (
			);
			runOnlyForDeploymentPostprocessing = 0;
		};
/* End PBXFrameworksBuildPhase section */

/* Begin PBXGroup section */
		5AD3C4002F5E0AE900E30B51 = {
			isa = PBXGroup;
			children = (
				5AD3C40B2F5E0AEA00E30B51 /* petpal */,
				5AD3C4222F5E0AEA00E30B51 /* petpalTests */,
				5AD3C42C2F5E0AEB00E30B51 /* petpalUITests */,
				5AD3C40A2F5E0AEA00E30B51 /* Products */,
			);
			sourceTree = "<group>";
		};
		5AD3C40A2F5E0AEA00E30B51 /* Products */ = {
			isa = PBXGroup;
			children = (
				5AD3C4092F5E0AEA00E30B51 /* petpal.app */,
				5AD3C41F2F5E0AEA00E30B51 /* petpalTests.xctest */,
				5AD3C4292F5E0AEB00E30B51 /* petpalUITests.xctest */,
			);
			name = Products;
			sourceTree = "<group>";
		};
/* End PBXGroup section */

/* Begin PBXNativeTarget section */
		5AD3C4082F5E0AEA00E30B51 /* petpal */ = {
			isa = PBXNativeTarget;
			buildConfigurationList = 5AD3C4322F5E0AEB00E30B51 /* Build configuration list for PBXNativeTarget "petpal" */;
			buildPhases = (
				5AD3C4052F5E0AEA00E30B51 /* Sources */,
				5AD3C4062F5E0AEA00E30B51 /* Frameworks */,
				5AD3C4072F5E0AEA00E30B51 /* Resources */,
			);
			buildRules = (
			);
			dependencies = (
			);
			fileSystemSynchronizedGroups = (
				5AD3C40B2F5E0AEA00E30B51 /* petpal */,
			);
			name = petpal;
			packageProductDependencies = (
			);
			productName = petpal;
			productReference = 5AD3C4092F5E0AEA00E30B51 /* petpal.app */;
			productType = "com.apple.product-type.application";
		};
		5AD3C41E2F5E0AEA00E30B51 /* petpalTests */ = {
			isa = PBXNativeTarget;
			buildConfigurationList = 5AD3C4372F5E0AEB00E30B51 /* Build configuration list for PBXNativeTarget "petpalTests" */;
			buildPhases = (
				5AD3C41B2F5E0AEA00E30B51 /* Sources */,
				5AD3C41C2F5E0AEA00E30B51 /* Frameworks */,
				5AD3C41D2F5E0AEA00E30B51 /* Resources */,
			);
			buildRules = (
			);
			dependencies = (
				5AD3C4212F5E0AEA00E30B51 /* PBXTargetDependency */,
			);
			fileSystemSynchronizedGroups = (
				5AD3C4222F5E0AEA00E30B51 /* petpalTests */,
			);
			name = petpalTests;
			packageProductDependencies = (
			);
			productName = petpalTests;
			productReference = 5AD3C41F2F5E0AEA00E30B51 /* petpalTests.xctest */;
			productType = "com.apple.product-type.bundle.unit-test";
		};
		5AD3C4282F5E0AEB00E30B51 /* petpalUITests */ = {
			isa = PBXNativeTarget;
			buildConfigurationList = 5AD3C43A2F5E0AEB00E30B51 /* Build configuration list for PBXNativeTarget "petpalUITests" */;
			buildPhases = (
				5AD3C4252F5E0AEB00E30B51 /* Sources */,
				5AD3C4262F5E0AEB00E30B51 /* Frameworks */,
				5AD3C4272F5E0AEB00E30B51 /* Resources */,
			);
			buildRules = (
			);
			dependencies = (
				5AD3C42B2F5E0AEB00E30B51 /* PBXTargetDependency */,
			);
			fileSystemSynchronizedGroups = (
				5AD3C42C2F5E0AEB00E30B51 /* petpalUITests */,
			);
			name = petpalUITests;
			packageProductDependencies = (
			);
			productName = petpalUITests;
			productReference = 5AD3C4292F5E0AEB00E30B51 /* petpalUITests.xctest */;
			productType = "com.apple.product-type.bundle.ui-testing";
		};
/* End PBXNativeTarget section */

/* Begin PBXProject section */
		5AD3C4012F5E0AE900E30B51 /* Project object */ = {
			isa = PBXProject;
			attributes = {
				BuildIndependentTargetsInParallel = 1;
				LastSwiftUpdateCheck = 2620;
				LastUpgradeCheck = 2620;
				TargetAttributes = {
					5AD3C4082F5E0AEA00E30B51 = {
						CreatedOnToolsVersion = 26.2;
					};
					5AD3C41E2F5E0AEA00E30B51 = {
						CreatedOnToolsVersion = 26.2;
						TestTargetID = 5AD3C4082F5E0AEA00E30B51;
					};
					5AD3C4282F5E0AEB00E30B51 = {
						CreatedOnToolsVersion = 26.2;
						TestTargetID = 5AD3C4082F5E0AEA00E30B51;
					};
				};
			};
			buildConfigurationList = 5AD3C4042F5E0AE900E30B51 /* Build configuration list for PBXProject "petpal" */;
			developmentRegion = en;
			hasScannedForEncodings = 0;
			knownRegions = (
				en,
				Base,
			);
			mainGroup = 5AD3C4002F5E0AE900E30B51;
			minimizedProjectReferenceProxies = 1;
			preferredProjectObjectVersion = 77;
			productRefGroup = 5AD3C40A2F5E0AEA00E30B51 /* Products */;
			projectDirPath = "";
			projectRoot = "";
			targets = (
				5AD3C4082F5E0AEA00E30B51 /* petpal */,
				5AD3C41E2F5E0AEA00E30B51 /* petpalTests */,
				5AD3C4282F5E0AEB00E30B51 /* petpalUITests */,
			);
		};
/* End PBXProject section */

/* Begin PBXResourcesBuildPhase section */
		5AD3C4072F5E0AEA00E30B51 /* Resources */ = {
			isa = PBXResourcesBuildPhase;
			buildActionMask = 2147483647;
			files = (
			);
			runOnlyForDeploymentPostprocessing = 0;
		};
		5AD3C41D2F5E0AEA00E30B51 /* Resources */ = {
			isa = PBXResourcesBuildPhase;
			buildActionMask = 2147483647;
			files = (
			);
			runOnlyForDeploymentPostprocessing = 0;
		};
		5AD3C4272F5E0AEB00E30B51 /* Resources */ = {
			isa = PBXResourcesBuildPhase;
			buildActionMask = 2147483647;
			files = (
			);
			runOnlyForDeploymentPostprocessing = 0;
		};
/* End PBXResourcesBuildPhase section */

/* Begin PBXSourcesBuildPhase section */
		5AD3C4052F5E0AEA00E30B51 /* Sources */ = {
			isa = PBXSourcesBuildPhase;
			buildActionMask = 2147483647;
			files = (
			);
			runOnlyForDeploymentPostprocessing = 0;
		};
		5AD3C41B2F5E0AEA00E30B51 /* Sources */ = {
			isa = PBXSourcesBuildPhase;
			buildActionMask = 2147483647;
			files = (
			);
			runOnlyForDeploymentPostprocessing = 0;
		};
		5AD3C4252F5E0AEB00E30B51 /* Sources */ = {
			isa = PBXSourcesBuildPhase;
			buildActionMask = 2147483647;
			files = (
			);
			runOnlyForDeploymentPostprocessing = 0;
		};
/* End PBXSourcesBuildPhase section */

/* Begin PBXTargetDependency section */
		5AD3C4212F5E0AEA00E30B51 /* PBXTargetDependency */ = {
			isa = PBXTargetDependency;
			target = 5AD3C4082F5E0AEA00E30B51 /* petpal */;
			targetProxy = 5AD3C4202F5E0AEA00E30B51 /* PBXContainerItemProxy */;
		};
		5AD3C42B2F5E0AEB00E30B51 /* PBXTargetDependency */ = {
			isa = PBXTargetDependency;
			target = 5AD3C4082F5E0AEA00E30B51 /* petpal */;
			targetProxy = 5AD3C42A2F5E0AEB00E30B51 /* PBXContainerItemProxy */;
		};
/* End PBXTargetDependency section */

/* Begin XCBuildConfiguration section */
		5AD3C4332F5E0AEB00E30B51 /* Debug */ = {
			isa = XCBuildConfiguration;
			buildSettings = {
				ASSETCATALOG_COMPILER_APPICON_NAME = AppIcon;
				ASSETCATALOG_COMPILER_GLOBAL_ACCENT_COLOR_NAME = AccentColor;
				CODE_SIGN_STYLE = Automatic;
				CURRENT_PROJECT_VERSION = 1;
				DEVELOPMENT_TEAM = A5W5N5Q8J2;
				GENERATE_INFOPLIST_FILE = YES;
				INFOPLIST_FILE = petpal/Info.plist;
				INFOPLIST_KEY_UIApplicationSupportsIndirectInputEvents = YES;
				INFOPLIST_KEY_UILaunchStoryboardName = LaunchScreen;
				INFOPLIST_KEY_UIMainStoryboardFile = Main;
				INFOPLIST_KEY_UISupportedInterfaceOrientations_iPad = "UIInterfaceOrientationPortrait UIInterfaceOrientationPortraitUpsideDown UIInterfaceOrientationLandscapeLeft UIInterfaceOrientationLandscapeRight";
				INFOPLIST_KEY_UISupportedInterfaceOrientations_iPhone = "UIInterfaceOrientationPortrait UIInterfaceOrientationLandscapeLeft UIInterfaceOrientationLandscapeRight";
				LD_RUNPATH_SEARCH_PATHS = (
					"$(inherited)",
					"@executable_path/Frameworks",
				);
				MARKETING_VERSION = 1.0;
				PRODUCT_BUNDLE_IDENTIFIER = edu.uw.ischool.owenwong.petpal1;
				PRODUCT_NAME = "$(TARGET_NAME)";
				STRING_CATALOG_GENERATE_SYMBOLS = YES;
				SWIFT_APPROACHABLE_CONCURRENCY = YES;
				SWIFT_DEFAULT_ACTOR_ISOLATION = MainActor;
				SWIFT_EMIT_LOC_STRINGS = YES;
				SWIFT_UPCOMING_FEATURE_MEMBER_IMPORT_VISIBILITY = YES;
				SWIFT_VERSION = 5.0;
				TARGETED_DEVICE_FAMILY = "1,2";
			};
			name = Debug;
		};
		5AD3C4342F5E0AEB00E30B51 /* Release */ = {
			isa = XCBuildConfiguration;
			buildSettings = {
				ASSETCATALOG_COMPILER_APPICON_NAME = AppIcon;
				ASSETCATALOG_COMPILER_GLOBAL_ACCENT_COLOR_NAME = AccentColor;
				CODE_SIGN_STYLE = Automatic;
				CURRENT_PROJECT_VERSION = 1;
				DEVELOPMENT_TEAM = A5W5N5Q8J2;
				GENERATE_INFOPLIST_FILE = YES;
				INFOPLIST_FILE = petpal/Info.plist;
				INFOPLIST_KEY_UIApplicationSupportsIndirectInputEvents = YES;
				INFOPLIST_KEY_UILaunchStoryboardName = LaunchScreen;
				INFOPLIST_KEY_UIMainStoryboardFile = Main;
				INFOPLIST_KEY_UISupportedInterfaceOrientations_iPad = "UIInterfaceOrientationPortrait UIInterfaceOrientationPortraitUpsideDown UIInterfaceOrientationLandscapeLeft UIInterfaceOrientationLandscapeRight";
				INFOPLIST_KEY_UISupportedInterfaceOrientations_iPhone = "UIInterfaceOrientationPortrait UIInterfaceOrientationLandscapeLeft UIInterfaceOrientationLandscapeRight";
				LD_RUNPATH_SEARCH_PATHS = (
					"$(inherited)",
					"@executable_path/Frameworks",
				);
				MARKETING_VERSION = 1.0;
				PRODUCT_BUNDLE_IDENTIFIER = edu.uw.ischool.owenwong.petpal1;
				PRODUCT_NAME = "$(TARGET_NAME)";
				STRING_CATALOG_GENERATE_SYMBOLS = YES;
				SWIFT_APPROACHABLE_CONCURRENCY = YES;
				SWIFT_DEFAULT_ACTOR_ISOLATION = MainActor;
				SWIFT_EMIT_LOC_STRINGS = YES;
				SWIFT_UPCOMING_FEATURE_MEMBER_IMPORT_VISIBILITY = YES;
				SWIFT_VERSION = 5.0;
				TARGETED_DEVICE_FAMILY = "1,2";
			};
			name = Release;
		};
		5AD3C4352F5E0AEB00E30B51 /* Debug */ = {
			isa = XCBuildConfiguration;
			buildSettings = {
				ALWAYS_SEARCH_USER_PATHS = NO;
				ASSETCATALOG_COMPILER_GENERATE_SWIFT_ASSET_SYMBOL_EXTENSIONS = YES;
				CLANG_ANALYZER_NONNULL = YES;
				CLANG_ANALYZER_NUMBER_OBJECT_CONVERSION = YES_AGGRESSIVE;
				CLANG_CXX_LANGUAGE_STANDARD = "gnu++20";
				CLANG_ENABLE_MODULES = YES;
				CLANG_ENABLE_OBJC_ARC = YES;
				CLANG_ENABLE_OBJC_WEAK = YES;
				CLANG_WARN_BLOCK_CAPTURE_AUTORELEASING = YES;
				CLANG_WARN_BOOL_CONVERSION = YES;
				CLANG_WARN_COMMA = YES;
				CLANG_WARN_CONSTANT_CONVERSION = YES;
				CLANG_WARN_DEPRECATED_OBJC_IMPLEMENTATIONS = YES;
				CLANG_WARN_DIRECT_OBJC_ISA_USAGE = YES_ERROR;
				CLANG_WARN_DOCUMENTATION_COMMENTS = YES;
				CLANG_WARN_EMPTY_BODY = YES;
				CLANG_WARN_ENUM_CONVERSION = YES;
				CLANG_WARN_INFINITE_RECURSION = YES;
				CLANG_WARN_INT_CONVERSION = YES;
				CLANG_WARN_NON_LITERAL_NULL_CONVERSION = YES;
				CLANG_WARN_OBJC_IMPLICIT_RETAIN_SELF = YES;
				CLANG_WARN_OBJC_LITERAL_CONVERSION = YES;
				CLANG_WARN_OBJC_ROOT_CLASS = YES_ERROR;
				CLANG_WARN_QUOTED_INCLUDE_IN_FRAMEWORK_HEADER = YES;
				CLANG_WARN_RANGE_LOOP_ANALYSIS = YES;
				CLANG_WARN_STRICT_PROTOTYPES = YES;
				CLANG_WARN_SUSPICIOUS_MOVE = YES;
				CLANG_WARN_UNGUARDED_AVAILABILITY = YES_AGGRESSIVE;
				CLANG_WARN_UNREACHABLE_CODE = YES;
				CLANG_WARN__DUPLICATE_METHOD_MATCH = YES;
				COPY_PHASE_STRIP = NO;
				DEBUG_INFORMATION_FORMAT = dwarf;
				DEVELOPMENT_TEAM = 7WDVFLM45V;
				ENABLE_STRICT_OBJC_MSGSEND = YES;
				ENABLE_TESTABILITY = YES;
				ENABLE_USER_SCRIPT_SANDBOXING = YES;
				GCC_C_LANGUAGE_STANDARD = gnu17;
				GCC_DYNAMIC_NO_PIC = NO;
				GCC_NO_COMMON_BLOCKS = YES;
				GCC_OPTIMIZATION_LEVEL = 0;
				GCC_PREPROCESSOR_DEFINITIONS = (
					"DEBUG=1",
					"$(inherited)",
				);
				GCC_WARN_64_TO_32_BIT_CONVERSION = YES;
				GCC_WARN_ABOUT_RETURN_TYPE = YES_ERROR;
				GCC_WARN_UNDECLARED_SELECTOR = YES;
				GCC_WARN_UNINITIALIZED_AUTOS = YES_AGGRESSIVE;
				GCC_WARN_UNUSED_FUNCTION = YES;
				GCC_WARN_UNUSED_VARIABLE = YES;
				IPHONEOS_DEPLOYMENT_TARGET = 26.2;
				LOCALIZATION_PREFERS_STRING_CATALOGS = YES;
				MTL_ENABLE_DEBUG_INFO = INCLUDE_SOURCE;
				MTL_FAST_MATH = YES;
				ONLY_ACTIVE_ARCH = YES;
				SDKROOT = iphoneos;
				SWIFT_ACTIVE_COMPILATION_CONDITIONS = "DEBUG $(inherited)";
				SWIFT_OPTIMIZATION_LEVEL = "-Onone";
			};
			name = Debug;
		};
		5AD3C4362F5E0AEB00E30B51 /* Release */ = {
			isa = XCBuildConfiguration;
			buildSettings = {
				ALWAYS_SEARCH_USER_PATHS = NO;
				ASSETCATALOG_COMPILER_GENERATE_SWIFT_ASSET_SYMBOL_EXTENSIONS = YES;
				CLANG_ANALYZER_NONNULL = YES;
				CLANG_ANALYZER_NUMBER_OBJECT_CONVERSION = YES_AGGRESSIVE;
				CLANG_CXX_LANGUAGE_STANDARD = "gnu++20";
				CLANG_ENABLE_MODULES = YES;
				CLANG_ENABLE_OBJC_ARC = YES;
				CLANG_ENABLE_OBJC_WEAK = YES;
				CLANG_WARN_BLOCK_CAPTURE_AUTORELEASING = YES;
				CLANG_WARN_BOOL_CONVERSION = YES;
				CLANG_WARN_COMMA = YES;
				CLANG_WARN_CONSTANT_CONVERSION = YES;
				CLANG_WARN_DEPRECATED_OBJC_IMPLEMENTATIONS = YES;
				CLANG_WARN_DIRECT_OBJC_ISA_USAGE = YES_ERROR;
				CLANG_WARN_DOCUMENTATION_COMMENTS = YES;
				CLANG_WARN_EMPTY_BODY = YES;
				CLANG_WARN_ENUM_CONVERSION = YES;
				CLANG_WARN_INFINITE_RECURSION = YES;
				CLANG_WARN_INT_CONVERSION = YES;
				CLANG_WARN_NON_LITERAL_NULL_CONVERSION = YES;
				CLANG_WARN_OBJC_IMPLICIT_RETAIN_SELF = YES;
				CLANG_WARN_OBJC_LITERAL_CONVERSION = YES;
				CLANG_WARN_OBJC_ROOT_CLASS = YES_ERROR;
				CLANG_WARN_QUOTED_INCLUDE_IN_FRAMEWORK_HEADER = YES;
				CLANG_WARN_RANGE_LOOP_ANALYSIS = YES;
				CLANG_WARN_STRICT_PROTOTYPES = YES;
				CLANG_WARN_SUSPICIOUS_MOVE = YES;
				CLANG_WARN_UNGUARDED_AVAILABILITY = YES_AGGRESSIVE;
				CLANG_WARN_UNREACHABLE_CODE = YES;
				CLANG_WARN__DUPLICATE_METHOD_MATCH = YES;
				COPY_PHASE_STRIP = NO;
				DEBUG_INFORMATION_FORMAT = "dwarf-with-dsym";
				DEVELOPMENT_TEAM = 7WDVFLM45V;
				ENABLE_NS_ASSERTIONS = NO;
				ENABLE_STRICT_OBJC_MSGSEND = YES;
				ENABLE_USER_SCRIPT_SANDBOXING = YES;
				GCC_C_LANGUAGE_STANDARD = gnu17;
				GCC_NO_COMMON_BLOCKS = YES;
				GCC_WARN_64_TO_32_BIT_CONVERSION = YES;
				GCC_WARN_ABOUT_RETURN_TYPE = YES_ERROR;
				GCC_WARN_UNDECLARED_SELECTOR = YES;
				GCC_WARN_UNINITIALIZED_AUTOS = YES_AGGRESSIVE;
				GCC_WARN_UNUSED_FUNCTION = YES;
				GCC_WARN_UNUSED_VARIABLE = YES;
				IPHONEOS_DEPLOYMENT_TARGET = 26.2;
				LOCALIZATION_PREFERS_STRING_CATALOGS = YES;
				MTL_ENABLE_DEBUG_INFO = NO;
				MTL_FAST_MATH = YES;
				SDKROOT = iphoneos;
				SWIFT_COMPILATION_MODE = wholemodule;
				VALIDATE_PRODUCT = YES;
			};
			name = Release;
		};
		5AD3C4382F5E0AEB00E30B51 /* Debug */ = {
			isa = XCBuildConfiguration;
			buildSettings = {
				BUNDLE_LOADER = "$(TEST_HOST)";
				CODE_SIGN_STYLE = Automatic;
				CURRENT_PROJECT_VERSION = 1;
				DEVELOPMENT_TEAM = 7WDVFLM45V;
				GENERATE_INFOPLIST_FILE = YES;
				IPHONEOS_DEPLOYMENT_TARGET = 26.2;
				MARKETING_VERSION = 1.0;
				PRODUCT_BUNDLE_IDENTIFIER = edu.uw.ischool.owenwong.petpalTests;
				PRODUCT_NAME = "$(TARGET_NAME)";
				STRING_CATALOG_GENERATE_SYMBOLS = NO;
				SWIFT_APPROACHABLE_CONCURRENCY = YES;
				SWIFT_EMIT_LOC_STRINGS = NO;
				SWIFT_UPCOMING_FEATURE_MEMBER_IMPORT_VISIBILITY = YES;
				SWIFT_VERSION = 5.0;
				TARGETED_DEVICE_FAMILY = "1,2";
				TEST_HOST = "$(BUILT_PRODUCTS_DIR)/petpal.app/$(BUNDLE_EXECUTABLE_FOLDER_PATH)/petpal";
			};
			name = Debug;
		};
		5AD3C4392F5E0AEB00E30B51 /* Release */ = {
			isa = XCBuildConfiguration;
			buildSettings = {
				BUNDLE_LOADER = "$(TEST_HOST)";
				CODE_SIGN_STYLE = Automatic;
				CURRENT_PROJECT_VERSION = 1;
				DEVELOPMENT_TEAM = 7WDVFLM45V;
				GENERATE_INFOPLIST_FILE = YES;
				IPHONEOS_DEPLOYMENT_TARGET = 26.2;
				MARKETING_VERSION = 1.0;
				PRODUCT_BUNDLE_IDENTIFIER = edu.uw.ischool.owenwong.petpalTests;
				PRODUCT_NAME = "$(TARGET_NAME)";
				STRING_CATALOG_GENERATE_SYMBOLS = NO;
				SWIFT_APPROACHABLE_CONCURRENCY = YES;
				SWIFT_EMIT_LOC_STRINGS = NO;
				SWIFT_UPCOMING_FEATURE_MEMBER_IMPORT_VISIBILITY = YES;
				SWIFT_VERSION = 5.0;
				TARGETED_DEVICE_FAMILY = "1,2";
				TEST_HOST = "$(BUILT_PRODUCTS_DIR)/petpal.app/$(BUNDLE_EXECUTABLE_FOLDER_PATH)/petpal";
			};
			name = Release;
		};
		5AD3C43B2F5E0AEB00E30B51 /* Debug */ = {
			isa = XCBuildConfiguration;
			buildSettings = {
				CODE_SIGN_STYLE = Automatic;
				CURRENT_PROJECT_VERSION = 1;
				DEVELOPMENT_TEAM = 7WDVFLM45V;
				GENERATE_INFOPLIST_FILE = YES;
				MARKETING_VERSION = 1.0;
				PRODUCT_BUNDLE_IDENTIFIER = edu.uw.ischool.owenwong.petpalUITests;
				PRODUCT_NAME = "$(TARGET_NAME)";
				STRING_CATALOG_GENERATE_SYMBOLS = NO;
				SWIFT_APPROACHABLE_CONCURRENCY = YES;
				SWIFT_EMIT_LOC_STRINGS = NO;
				SWIFT_UPCOMING_FEATURE_MEMBER_IMPORT_VISIBILITY = YES;
				SWIFT_VERSION = 5.0;
				TARGETED_DEVICE_FAMILY = "1,2";
				TEST_TARGET_NAME = petpal;
			};
			name = Debug;
		};
		5AD3C43C2F5E0AEB00E30B51 /* Release */ = {
			isa = XCBuildConfiguration;
			buildSettings = {
				CODE_SIGN_STYLE = Automatic;
				CURRENT_PROJECT_VERSION = 1;
				DEVELOPMENT_TEAM = 7WDVFLM45V;
				GENERATE_INFOPLIST_FILE = YES;
				MARKETING_VERSION = 1.0;
				PRODUCT_BUNDLE_IDENTIFIER = edu.uw.ischool.owenwong.petpalUITests;
				PRODUCT_NAME = "$(TARGET_NAME)";
				STRING_CATALOG_GENERATE_SYMBOLS = NO;
				SWIFT_APPROACHABLE_CONCURRENCY = YES;
				SWIFT_EMIT_LOC_STRINGS = NO;
				SWIFT_UPCOMING_FEATURE_MEMBER_IMPORT_VISIBILITY = YES;
				SWIFT_VERSION = 5.0;
				TARGETED_DEVICE_FAMILY = "1,2";
				TEST_TARGET_NAME = petpal;
			};
			name = Release;
		};
/* End XCBuildConfiguration section */

/* Begin XCConfigurationList section */
		5AD3C4042F5E0AE900E30B51 /* Build configuration list for PBXProject "petpal" */ = {
			isa = XCConfigurationList;
			buildConfigurations = (
				5AD3C4352F5E0AEB00E30B51 /* Debug */,
				5AD3C4362F5E0AEB00E30B51 /* Release */,
			);
			defaultConfigurationIsVisible = 0;
			defaultConfigurationName = Release;
		};
		5AD3C4322F5E0AEB00E30B51 /* Build configuration list for PBXNativeTarget "petpal" */ = {
			isa = XCConfigurationList;
			buildConfigurations = (
				5AD3C4332F5E0AEB00E30B51 /* Debug */,
				5AD3C4342F5E0AEB00E30B51 /* Release */,
			);
			defaultConfigurationIsVisible = 0;
			defaultConfigurationName = Release;
		};
		5AD3C4372F5E0AEB00E30B51 /* Build configuration list for PBXNativeTarget "petpalTests" */ = {
			isa = XCConfigurationList;
			buildConfigurations = (
				5AD3C4382F5E0AEB00E30B51 /* Debug */,
				5AD3C4392F5E0AEB00E30B51 /* Release */,
			);
			defaultConfigurationIsVisible = 0;
			defaultConfigurationName = Release;
		};
		5AD3C43A2F5E0AEB00E30B51 /* Build configuration list for PBXNativeTarget "petpalUITests" */ = {
			isa = XCConfigurationList;
			buildConfigurations = (
				5AD3C43B2F5E0AEB00E30B51 /* Debug */,
				5AD3C43C2F5E0AEB00E30B51 /* Release */,
			);
			defaultConfigurationIsVisible = 0;
			defaultConfigurationName = Release;
		};
/* End XCConfigurationList section */
	};
	rootObject = 5AD3C4012F5E0AE900E30B51 /* Project object */;
}
